PODS:
  - Bifrost (0.1.0)
  - YYCategories (1.0.4):
    - YYCategories/no-arc (= 1.0.4)
  - YYCategories/no-arc (1.0.4)

DEPENDENCIES:
  - Bifrost (from `../`)
  - YYCategories

SPEC REPOS:
  trunk:
    - YYCategories

EXTERNAL SOURCES:
  Bifrost:
    :path: "../"

SPEC CHECKSUMS:
  Bifrost: 7ee753aa4a00f18150f1711388949fb84aaab5e4
  YYCategories: 6bcd4314c6661a561410dce4a793379ebd306abd

PODFILE CHECKSUM: 6b5a14b11176af61035ea58df3c44b51acea1f11

COCOAPODS: 1.12.1
